// !$*UTF8*$!
{
	archiveVersion = 1;
	classes = {
	};
	objectVersion = 46;
	objects = {

/* Begin PBXBuildFile section */
		C35EBA8717A117E300F01F26 /* UIKit.framework in Frameworks */ = {isa = PBXBuildFile; fileRef = C35EBA8617A117E300F01F26 /* UIKit.framework */; };
		C35EBA8917A117E300F01F26 /* Foundation.framework in Frameworks */ = {isa = PBXBuildFile; fileRef = C35EBA8817A117E300F01F26 /* Foundation.framework */; };
		C35EBA8B17A117E300F01F26 /* CoreGraphics.framework in Frameworks */ = {isa = PBXBuildFile; fileRef = C35EBA8A17A117E300F01F26 /* CoreGraphics.framework */; };
		C35EBA9117A117E300F01F26 /* InfoPlist.strings in Resources */ = {isa = PBXBuildFile; fileRef = C35EBA8F17A117E300F01F26 /* InfoPlist.strings */; };
		C35EBA9317A117E300F01F26 /* main.m in Sources */ = {isa = PBXBuildFile; fileRef = C35EBA9217A117E300F01F26 /* main.m */; };
		C35EBA9717A117E300F01F26 /* AppDelegate.m in Sources */ = {isa = PBXBuildFile; fileRef = C35EBA9617A117E300F01F26 /* AppDelegate.m */; };
		C35EBA9917A117E300F01F26 /* Default.png in Resources */ = {isa = PBXBuildFile; fileRef = C35EBA9817A117E300F01F26 /* Default.png */; };
		C35EBA9B17A117E300F01F26 /* Default@2x.png in Resources */ = {isa = PBXBuildFile; fileRef = C35EBA9A17A117E300F01F26 /* Default@2x.png */; };
		C35EBA9D17A117E300F01F26 /* Default-568h@2x.png in Resources */ = {isa = PBXBuildFile; fileRef = C35EBA9C17A117E300F01F26 /* Default-568h@2x.png */; };
		C35EBAA017A117E300F01F26 /* MainStoryboard_iPhone.storyboard in Resources */ = {isa = PBXBuildFile; fileRef = C35EBA9E17A117E300F01F26 /* MainStoryboard_iPhone.storyboard */; };
		C35EBAA317A117E300F01F26 /* MainStoryboard_iPad.storyboard in Resources */ = {isa = PBXBuildFile; fileRef = C35EBAA117A117E300F01F26 /* MainStoryboard_iPad.storyboard */; };
		C35EBAA617A117E300F01F26 /* ViewController.m in Sources */ = {isa = PBXBuildFile; fileRef = C35EBAA517A117E300F01F26 /* ViewController.m */; };
/* End PBXBuildFile section */

/* Begin PBXFileReference section */
		C35EBA8317A117E300F01F26 /* deneme.app */ = {isa = PBXFileReference; explicitFileType = wrapper.application; includeInIndex = 0; path = deneme.app; sourceTree = BUILT_PRODUCTS_DIR; };
		C35EBA8617A117E300F01F26 /* UIKit.framework */ = {isa = PBXFileReference; lastKnownFileType = wrapper.framework; name = UIKit.framework; path = System/Library/Frameworks/UIKit.framework; sourceTree = SDKROOT; };
		C35EBA8817A117E300F01F26 /* Foundation.framework */ = {isa = PBXFileReference; lastKnownFileType = wrapper.framework; name = Foundation.framework; path = System/Library/Frameworks/Foundation.framework; sourceTree = SDKROOT; };
		C35EBA8A17A117E300F01F26 /* CoreGraphics.framework */ = {isa = PBXFileReference; lastKnownFileType = wrapper.framework; name = CoreGraphics.framework; path = System/Library/Frameworks/CoreGraphics.framework; sourceTree = SDKROOT; };
		C35EBA8E17A117E300F01F26 /* deneme-Info.plist */ = {isa = PBXFileReference; lastKnownFileType = text.plist.xml; path = "deneme-Info.plist"; sourceTree = "<group>"; };
		C35EBA9017A117E300F01F26 /* en */ = {isa = PBXFileReference; lastKnownFileType = text.plist.strings; name = en; path = en.lproj/InfoPlist.strings; sourceTree = "<group>"; };
		C35EBA9217A117E300F01F26 /* main.m */ = {isa = PBXFileReference; lastKnownFileType = sourcecode.c.objc; path = main.m; sourceTree = "<group>"; };
		C35EBA9417A117E300F01F26 /* deneme-Prefix.pch */ = {isa = PBXFileReference; lastKnownFileType = sourcecode.c.h; path = "deneme-Prefix.pch"; sourceTree = "<group>"; };
		C35EBA9517A117E300F01F26 /* AppDelegate.h */ = {isa = PBXFileReference; lastKnownFileType = sourcecode.c.h; path = AppDelegate.h; sourceTree = "<group>"; };
		C35EBA9617A117E300F01F26 /* AppDelegate.m */ = {isa = PBXFileReference; lastKnownFileType = sourcecode.c.objc; path = AppDelegate.m; sourceTree = "<group>"; };
		C35EBA9817A117E300F01F26 /* Default.png */ = {isa = PBXFileReference; lastKnownFileType = image.png; path = Default.png; sourceTree = "<group>"; };
		C35EBA9A17A117E300F01F26 /* Default@2x.png */ = {isa = PBXFileReference; lastKnownFileType = image.png; path = "Default@2x.png"; sourceTree = "<group>"; };
		C35EBA9C17A117E300F01F26 /* Default-568h@2x.png */ = {isa = PBXFileReference; lastKnownFileType = image.png; path = "Default-568h@2x.png"; sourceTree = "<group>"; };
		C35EBA9F17A117E300F01F26 /* en */ = {isa = PBXFileReference; lastKnownFileType = file.storyboard; name = en; path = en.lproj/MainStoryboard_iPhone.storyboard; sourceTree = "<group>"; };
		C35EBAA217A117E300F01F26 /* en */ = {isa = PBXFileReference; lastKnownFileType = file.storyboard; name = en; path = en.lproj/MainStoryboard_iPad.storyboard; sourceTree = "<group>"; };
		C35EBAA417A117E300F01F26 /* ViewController.h */ = {isa = PBXFileReference; lastKnownFileType = sourcecode.c.h; path = ViewController.h; sourceTree = "<group>"; };
		C35EBAA517A117E300F01F26 /* ViewController.m */ = {isa = PBXFileReference; lastKnownFileType = sourcecode.c.objc; path = ViewController.m; sourceTree = "<group>"; };
/* End PBXFileReference section */

/* Begin PBXFrameworksBuildPhase section */
		C35EBA8017A117E300F01F26 /* Frameworks */ = {
			isa = PBXFrameworksBuildPhase;
			buildActionMask = 2147483647;
			files = (
				C35EBA8717A117E300F01F26 /* UIKit.framework in Frameworks */,
				C35EBA8917A117E300F01F26 /* Foundation.framework in Frameworks */,
				C35EBA8B17A117E300F01F26 /* CoreGraphics.framework in Frameworks */,
			);
			runOnlyForDeploymentPostprocessing = 0;
		};
/* End PBXFrameworksBuildPhase section */

/* Begin PBXGroup section */
		C35EBA7A17A117E300F01F26 = {
			isa = PBXGroup;
			children = (
				C35EBA8C17A117E300F01F26 /* deneme */,
				C35EBA8517A117E300F01F26 /* Frameworks */,
				C35EBA8417A117E300F01F26 /* Products */,
			);
			sourceTree = "<group>";
		};
		C35EBA8417A117E300F01F26 /* Products */ = {
			isa = PBXGroup;
			children = (
				C35EBA8317A117E300F01F26 /* deneme.app */,
			);
			name = Products;
			sourceTree = "<group>";
		};
		C35EBA8517A117E300F01F26 /* Frameworks */ = {
			isa = PBXGroup;
			children = (
				C35EBA8617A117E300F01F26 /* UIKit.framework */,
				C35EBA8817A117E300F01F26 /* Foundation.framework */,
				C35EBA8A17A117E300F01F26 /* CoreGraphics.framework */,
			);
			name = Frameworks;
			sourceTree = "<group>";
		};
		C35EBA8C17A117E300F01F26 /* deneme */ = {
			isa = PBXGroup;
			children = (
				C35EBA9517A117E300F01F26 /* AppDelegate.h */,
				C35EBA9617A117E300F01F26 /* AppDelegate.m */,
				C35EBA9E17A117E300F01F26 /* MainStoryboard_iPhone.storyboard */,
				C35EBAA117A117E300F01F26 /* MainStoryboard_iPad.storyboard */,
				C35EBAA417A117E300F01F26 /* ViewController.h */,
				C35EBAA517A117E300F01F26 /* ViewController.m */,
				C35EBA8D17A117E300F01F26 /* Supporting Files */,
			);
			path = deneme;
			sourceTree = "<group>";
		};
		C35EBA8D17A117E300F01F26 /* Supporting Files */ = {
			isa = PBXGroup;
			children = (
				C35EBA8E17A117E300F01F26 /* deneme-Info.plist */,
				C35EBA8F17A117E300F01F26 /* InfoPlist.strings */,
				C35EBA9217A117E300F01F26 /* main.m */,
				C35EBA9417A117E300F01F26 /* deneme-Prefix.pch */,
				C35EBA9817A117E300F01F26 /* Default.png */,
				C35EBA9A17A117E300F01F26 /* Default@2x.png */,
				C35EBA9C17A117E300F01F26 /* Default-568h@2x.png */,
			);
			name = "Supporting Files";
			sourceTree = "<group>";
		};
/* End PBXGroup section */

/* Begin PBXNativeTarget section */
		C35EBA8217A117E300F01F26 /* deneme */ = {
			isa = PBXNativeTarget;
			buildConfigurationList = C35EBAA917A117E300F01F26 /* Build configuration list for PBXNativeTarget "deneme" */;
			buildPhases = (
				C35EBA7F17A117E300F01F26 /* Sources */,
				C35EBA8017A117E300F01F26 /* Frameworks */,
				C35EBA8117A117E300F01F26 /* Resources */,
			);
			buildRules = (
			);
			dependencies = (
			);
			name = deneme;
			productName = deneme;
			productReference = C35EBA8317A117E300F01F26 /* deneme.app */;
			productType = "com.apple.product-type.application";
		};
/* End PBXNativeTarget section */

/* Begin PBXProject section */
		C35EBA7B17A117E300F01F26 /* Project object */ = {
			isa = PBXProject;
			attributes = {
				LastUpgradeCheck = 0460;
				ORGANIZATIONNAME = "Ali BOZOĞ";
			};
			buildConfigurationList = C35EBA7E17A117E300F01F26 /* Build configuration list for PBXProject "deneme" */;
			compatibilityVersion = "Xcode 3.2";
			developmentRegion = English;
			hasScannedForEncodings = 0;
			knownRegions = (
				en,
			);
			mainGroup = C35EBA7A17A117E300F01F26;
			productRefGroup = C35EBA8417A117E300F01F26 /* Products */;
			projectDirPath = "";
			projectRoot = "";
			targets = (
				C35EBA8217A117E300F01F26 /* deneme */,
			);
		};
/* End PBXProject section */

/* Begin PBXResourcesBuildPhase section */
		C35EBA8117A117E300F01F26 /* Resources */ = {
			isa = PBXResourcesBuildPhase;
			buildActionMask = 2147483647;
			files = (
				C35EBA9117A117E300F01F26 /* InfoPlist.strings in Resources */,
				C35EBA9917A117E300F01F26 /* Default.png in Resources */,
				C35EBA9B17A117E300F01F26 /* Default@2x.png in Resources */,
				C35EBA9D17A117E300F01F26 /* Default-568h@2x.png in Resources */,
				C35EBAA017A117E300F01F26 /* MainStoryboard_iPhone.storyboard in Resources */,
				C35EBAA317A117E300F01F26 /* MainStoryboard_iPad.storyboard in Resources */,
			);
			runOnlyForDeploymentPostprocessing = 0;
		};
/* End PBXResourcesBuildPhase section */

/* Begin PBXSourcesBuildPhase section */
		C35EBA7F17A117E300F01F26 /* Sources */ = {
			isa = PBXSourcesBuildPhase;
			buildActionMask = 2147483647;
			files = (
				C35EBA9317A117E300F01F26 /* main.m in Sources */,
				C35EBA9717A117E300F01F26 /* AppDelegate.m in Sources */,
				C35EBAA617A117E300F01F26 /* ViewController.m in Sources */,
			);
			runOnlyForDeploymentPostprocessing = 0;
		};
/* End PBXSourcesBuildPhase section */

/* Begin PBXVariantGroup section */
		C35EBA8F17A117E300F01F26 /* InfoPlist.strings */ = {
			isa = PBXVariantGroup;
			children = (
				C35EBA9017A117E300F01F26 /* en */,
			);
			name = InfoPlist.strings;
			sourceTree = "<group>";
		};
		C35EBA9E17A117E300F01F26 /* MainStoryboard_iPhone.storyboard */ = {
			isa = PBXVariantGroup;
			children = (
				C35EBA9F17A117E300F01F26 /* en */,
			);
			name = MainStoryboard_iPhone.storyboard;
			sourceTree = "<group>";
		};
		C35EBAA117A117E300F01F26 /* MainStoryboard_iPad.storyboard */ = {
			isa = PBXVariantGroup;
			children = (
				C35EBAA217A117E300F01F26 /* en */,
			);
			name = MainStoryboard_iPad.storyboard;
			sourceTree = "<group>";
		};
/* End PBXVariantGroup section */

/* Begin XCBuildConfiguration section */
		C35EBAA717A117E300F01F26 /* Debug */ = {
			isa = XCBuildConfiguration;
			buildSettings = {
				ALWAYS_SEARCH_USER_PATHS = NO;
				CLANG_CXX_LANGUAGE_STANDARD = "gnu++0x";
				CLANG_CXX_LIBRARY = "libc++";
				CLANG_ENABLE_OBJC_ARC = YES;
				CLANG_WARN_CONSTANT_CONVERSION = YES;
				CLANG_WARN_EMPTY_BODY = YES;
				CLANG_WARN_ENUM_CONVERSION = YES;
				CLANG_WARN_INT_CONVERSION = YES;
				CLANG_WARN__DUPLICATE_METHOD_MATCH = YES;
				"CODE_SIGN_IDENTITY[sdk=iphoneos*]" = "iPhone Developer";
				COPY_PHASE_STRIP = NO;
				GCC_C_LANGUAGE_STANDARD = gnu99;
				GCC_DYNAMIC_NO_PIC = NO;
				GCC_OPTIMIZATION_LEVEL = 0;
				GCC_PREPROCESSOR_DEFINITIONS = (
					"DEBUG=1",
					"$(inherited)",
				);
				GCC_SYMBOLS_PRIVATE_EXTERN = NO;
				GCC_WARN_ABOUT_RETURN_TYPE = YES;
				GCC_WARN_UNINITIALIZED_AUTOS = YES;
				GCC_WARN_UNUSED_VARIABLE = YES;
				IPHONEOS_DEPLOYMENT_TARGET = 6.1;
				ONLY_ACTIVE_ARCH = YES;
				SDKROOT = iphoneos;
				TARGETED_DEVICE_FAMILY = "1,2";
			};
			name = Debug;
		};
		C35EBAA817A117E300F01F26 /* Release */ = {
			isa = XCBuildConfiguration;
			buildSettings = {
				ALWAYS_SEARCH_USER_PATHS = NO;
				CLANG_CXX_LANGUAGE_STANDARD = "gnu++0x";
				CLANG_CXX_LIBRARY = "libc++";
				CLANG_ENABLE_OBJC_ARC = YES;
				CLANG_WARN_CONSTANT_CONVERSION = YES;
				CLANG_WARN_EMPTY_BODY = YES;
				CLANG_WARN_ENUM_CONVERSION = YES;
				CLANG_WARN_INT_CONVERSION = YES;
				CLANG_WARN__DUPLICATE_METHOD_MATCH = YES;
				"CODE_SIGN_IDENTITY[sdk=iphoneos*]" = "iPhone Developer";
				COPY_PHASE_STRIP = YES;
				GCC_C_LANGUAGE_STANDARD = gnu99;
				GCC_WARN_ABOUT_RETURN_TYPE = YES;
				GCC_WARN_UNINITIALIZED_AUTOS = YES;
				GCC_WARN_UNUSED_VARIABLE = YES;
				IPHONEOS_DEPLOYMENT_TARGET = 6.1;
				OTHER_CFLAGS = "-DNS_BLOCK_ASSERTIONS=1";
				SDKROOT = iphoneos;
				TARGETED_DEVICE_FAMILY = "1,2";
				VALIDATE_PRODUCT = YES;
			};
			name = Release;
		};
		C35EBAAA17A117E300F01F26 /* Debug */ = {
			isa = XCBuildConfiguration;
			buildSettings = {
				GCC_PRECOMPILE_PREFIX_HEADER = YES;
				GCC_PREFIX_HEADER = "deneme/deneme-Prefix.pch";
				INFOPLIST_FILE = "deneme/deneme-Info.plist";
				PRODUCT_NAME = "$(TARGET_NAME)";
				WRAPPER_EXTENSION = app;
			};
			name = Debug;
		};
		C35EBAAB17A117E300F01F26 /* Release */ = {
			isa = XCBuildConfiguration;
			buildSettings = {
				GCC_PRECOMPILE_PREFIX_HEADER = YES;
				GCC_PREFIX_HEADER = "deneme/deneme-Prefix.pch";
				INFOPLIST_FILE = "deneme/deneme-Info.plist";
				PRODUCT_NAME = "$(TARGET_NAME)";
				WRAPPER_EXTENSION = app;
			};
			name = Release;
		};
/* End XCBuildConfiguration section */

/* Begin XCConfigurationList section */
		C35EBA7E17A117E300F01F26 /* Build configuration list for PBXProject "deneme" */ = {
			isa = XCConfigurationList;
			buildConfigurations = (
				C35EBAA717A117E300F01F26 /* Debug */,
				C35EBAA817A117E300F01F26 /* Release */,
			);
			defaultConfigurationIsVisible = 0;
			defaultConfigurationName = Release;
		};
		C35EBAA917A117E300F01F26 /* Build configuration list for PBXNativeTarget "deneme" */ = {
			isa = XCConfigurationList;
			buildConfigurations = (
				C35EBAAA17A117E300F01F26 /* Debug */,
				C35EBAAB17A117E300F01F26 /* Release */,
			);
			defaultConfigurationIsVisible = 0;
		};
/* End XCConfigurationList section */
	};
	rootObject = C35EBA7B17A117E300F01F26 /* Project object */;
}
